
Microsoft Visual Studio Solution File, Format Version 12.00
# Visual Studio Version 17
VisualStudioVersion = 17.14.36623.8 d17.14
MinimumVisualStudioVersion = 10.0.40219.1
Project("{FAE04EC0-301F-11D3-BF4B-00C04F79EFBC}") = "HorizonShop", "HorizonShop\HorizonShop.csproj", "{AF86CC08-672E-4468-998F-7B3C0F1A72EE}"
EndProject
Global
	GlobalSection(SolutionConfigurationPlatforms) = preSolution
		Debug|Any CPU = Debug|Any CPU
		Release|Any CPU = Release|Any CPU
	EndGlobalSection
	GlobalSection(ProjectConfigurationPlatforms) = postSolution
		{AF86CC08-672E-4468-998F-7B3C0F1A72EE}.Debug|Any CPU.ActiveCfg = Debug|Any CPU
		{AF86CC08-672E-4468-998F-7B3C0F1A72EE}.Debug|Any CPU.Build.0 = Debug|Any CPU
		{AF86CC08-672E-4468-998F-7B3C0F1A72EE}.Release|Any CPU.ActiveCfg = Release|Any CPU
		{AF86CC08-672E-4468-998F-7B3C0F1A72EE}.Release|Any CPU.Build.0 = Release|Any CPU
	EndGlobalSection
	GlobalSection(SolutionProperties) = preSolution
		HideSolutionNode = FALSE
	EndGlobalSection
	GlobalSection(ExtensibilityGlobals) = postSolution
		SolutionGuid = {F4A9C21E-E355-47FF-8FB4-5615A960BE48}
	EndGlobalSection
EndGlobal
